// !$*UTF8*$!
{
	archiveVersion = 1;
	classes = {
	};
	objectVersion = 46;
	objects = {

/* Begin PBXBuildFile section */
		EB9605491A4978A6004766BA /* main.m in Sources */ = {isa = PBXBuildFile; fileRef = EB9605481A4978A6004766BA /* main.m */; };
		EB96054C1A4978A6004766BA /* AppDelegate.m in Sources */ = {isa = PBXBuildFile; fileRef = EB96054B1A4978A6004766BA /* AppDelegate.m */; };
		EB96054F1A4978A6004766BA /* FirstViewController.m in Sources */ = {isa = PBXBuildFile; fileRef = EB96054E1A4978A6004766BA /* FirstViewController.m */; };
		EB9605521A4978A6004766BA /* SecondViewController.m in Sources */ = {isa = PBXBuildFile; fileRef = EB9605511A4978A6004766BA /* SecondViewController.m */; };
		EB9605551A4978A6004766BA /* Main.storyboard in Resources */ = {isa = PBXBuildFile; fileRef = EB9605531A4978A6004766BA /* Main.storyboard */; };
		EB9605571A4978A6004766BA /* Images.xcassets in Resources */ = {isa = PBXBuildFile; fileRef = EB9605561A4978A6004766BA /* Images.xcassets */; };
		EB96055A1A4978A6004766BA /* LaunchScreen.xib in Resources */ = {isa = PBXBuildFile; fileRef = EB9605581A4978A6004766BA /* LaunchScreen.xib */; };
		EB9605661A4978A6004766BA /* WSY_AutoLayoutCellTests.m in Sources */ = {isa = PBXBuildFile; fileRef = EB9605651A4978A6004766BA /* WSY_AutoLayoutCellTests.m */; };
		EB9605731A497966004766BA /* WSYLayoutCell2.m in Sources */ = {isa = PBXBuildFile; fileRef = EB9605701A497966004766BA /* WSYLayoutCell2.m */; };
		EB9605741A497966004766BA /* WSYLayoutCell.m in Sources */ = {isa = PBXBuildFile; fileRef = EB9605721A497966004766BA /* WSYLayoutCell.m */; };
/* End PBXBuildFile section */

/* Begin PBXContainerItemProxy section */
		EB9605601A4978A6004766BA /* PBXContainerItemProxy */ = {
			isa = PBXContainerItemProxy;
			containerPortal = EB96053B1A4978A6004766BA /* Project object */;
			proxyType = 1;
			remoteGlobalIDString = EB9605421A4978A6004766BA;
			remoteInfo = WSY_AutoLayoutCell;
		};
/* End PBXContainerItemProxy section */

/* Begin PBXFileReference section */
		EB9605431A4978A6004766BA /* WSY_AutoLayoutCell.app */ = {isa = PBXFileReference; explicitFileType = wrapper.application; includeInIndex = 0; path = WSY_AutoLayoutCell.app; sourceTree = BUILT_PRODUCTS_DIR; };
		EB9605471A4978A6004766BA /* Info.plist */ = {isa = PBXFileReference; lastKnownFileType = text.plist.xml; path = Info.plist; sourceTree = "<group>"; };
		EB9605481A4978A6004766BA /* main.m */ = {isa = PBXFileReference; lastKnownFileType = sourcecode.c.objc; path = main.m; sourceTree = "<group>"; };
		EB96054A1A4978A6004766BA /* AppDelegate.h */ = {isa = PBXFileReference; lastKnownFileType = sourcecode.c.h; path = AppDelegate.h; sourceTree = "<group>"; };
		EB96054B1A4978A6004766BA /* AppDelegate.m */ = {isa = PBXFileReference; lastKnownFileType = sourcecode.c.objc; path = AppDelegate.m; sourceTree = "<group>"; };
		EB96054D1A4978A6004766BA /* FirstViewController.h */ = {isa = PBXFileReference; lastKnownFileType = sourcecode.c.h; path = FirstViewController.h; sourceTree = "<group>"; };
		EB96054E1A4978A6004766BA /* FirstViewController.m */ = {isa = PBXFileReference; lastKnownFileType = sourcecode.c.objc; path = FirstViewController.m; sourceTree = "<group>"; };
		EB9605501A4978A6004766BA /* SecondViewController.h */ = {isa = PBXFileReference; lastKnownFileType = sourcecode.c.h; path = SecondViewController.h; sourceTree = "<group>"; };
		EB9605511A4978A6004766BA /* SecondViewController.m */ = {isa = PBXFileReference; lastKnownFileType = sourcecode.c.objc; path = SecondViewController.m; sourceTree = "<group>"; };
		EB9605541A4978A6004766BA /* Base */ = {isa = PBXFileReference; lastKnownFileType = file.storyboard; name = Base; path = Base.lproj/Main.storyboard; sourceTree = "<group>"; };
		EB9605561A4978A6004766BA /* Images.xcassets */ = {isa = PBXFileReference; lastKnownFileType = folder.assetcatalog; path = Images.xcassets; sourceTree = "<group>"; };
		EB9605591A4978A6004766BA /* Base */ = {isa = PBXFileReference; lastKnownFileType = file.xib; name = Base; path = Base.lproj/LaunchScreen.xib; sourceTree = "<group>"; };
		EB96055F1A4978A6004766BA /* WSY_AutoLayoutCellTests.xctest */ = {isa = PBXFileReference; explicitFileType = wrapper.cfbundle; includeInIndex = 0; path = WSY_AutoLayoutCellTests.xctest; sourceTree = BUILT_PRODUCTS_DIR; };
		EB9605641A4978A6004766BA /* Info.plist */ = {isa = PBXFileReference; lastKnownFileType = text.plist.xml; path = Info.plist; sourceTree = "<group>"; };
		EB9605651A4978A6004766BA /* WSY_AutoLayoutCellTests.m */ = {isa = PBXFileReference; lastKnownFileType = sourcecode.c.objc; path = WSY_AutoLayoutCellTests.m; sourceTree = "<group>"; };
		EB96056F1A497966004766BA /* WSYLayoutCell2.h */ = {isa = PBXFileReference; fileEncoding = 4; lastKnownFileType = sourcecode.c.h; path = WSYLayoutCell2.h; sourceTree = "<group>"; };
		EB9605701A497966004766BA /* WSYLayoutCell2.m */ = {isa = PBXFileReference; fileEncoding = 4; lastKnownFileType = sourcecode.c.objc; path = WSYLayoutCell2.m; sourceTree = "<group>"; };
		EB9605711A497966004766BA /* WSYLayoutCell.h */ = {isa = PBXFileReference; fileEncoding = 4; lastKnownFileType = sourcecode.c.h; path = WSYLayoutCell.h; sourceTree = "<group>"; };
		EB9605721A497966004766BA /* WSYLayoutCell.m */ = {isa = PBXFileReference; fileEncoding = 4; lastKnownFileType = sourcecode.c.objc; path = WSYLayoutCell.m; sourceTree = "<group>"; };
/* End PBXFileReference section */

/* Begin PBXFrameworksBuildPhase section */
		EB9605401A4978A6004766BA /* Frameworks */ = {
			isa = PBXFrameworksBuildPhase;
			buildActionMask = 2147483647;
			files = (
			);
			runOnlyForDeploymentPostprocessing = 0;
		};
		EB96055C1A4978A6004766BA /* Frameworks */ = {
			isa = PBXFrameworksBuildPhase;
			buildActionMask = 2147483647;
			files = (
			);
			runOnlyForDeploymentPostprocessing = 0;
		};
/* End PBXFrameworksBuildPhase section */

/* Begin PBXGroup section */
		EB96053A1A4978A6004766BA = {
			isa = PBXGroup;
			children = (
				EB9605451A4978A6004766BA /* WSY_AutoLayoutCell */,
				EB9605621A4978A6004766BA /* WSY_AutoLayoutCellTests */,
				EB9605441A4978A6004766BA /* Products */,
			);
			sourceTree = "<group>";
		};
		EB9605441A4978A6004766BA /* Products */ = {
			isa = PBXGroup;
			children = (
				EB9605431A4978A6004766BA /* WSY_AutoLayoutCell.app */,
				EB96055F1A4978A6004766BA /* WSY_AutoLayoutCellTests.xctest */,
			);
			name = Products;
			sourceTree = "<group>";
		};
		EB9605451A4978A6004766BA /* WSY_AutoLayoutCell */ = {
			isa = PBXGroup;
			children = (
				EB96054A1A4978A6004766BA /* AppDelegate.h */,
				EB96054B1A4978A6004766BA /* AppDelegate.m */,
				EB9605751A497A7A004766BA /* First */,
				EB9605761A497A82004766BA /* Second */,
				EB9605531A4978A6004766BA /* Main.storyboard */,
				EB9605561A4978A6004766BA /* Images.xcassets */,
				EB9605581A4978A6004766BA /* LaunchScreen.xib */,
				EB9605461A4978A6004766BA /* Supporting Files */,
			);
			path = WSY_AutoLayoutCell;
			sourceTree = "<group>";
		};
		EB9605461A4978A6004766BA /* Supporting Files */ = {
			isa = PBXGroup;
			children = (
				EB9605471A4978A6004766BA /* Info.plist */,
				EB9605481A4978A6004766BA /* main.m */,
			);
			name = "Supporting Files";
			sourceTree = "<group>";
		};
		EB9605621A4978A6004766BA /* WSY_AutoLayoutCellTests */ = {
			isa = PBXGroup;
			children = (
				EB9605651A4978A6004766BA /* WSY_AutoLayoutCellTests.m */,
				EB9605631A4978A6004766BA /* Supporting Files */,
			);
			path = WSY_AutoLayoutCellTests;
			sourceTree = "<group>";
		};
		EB9605631A4978A6004766BA /* Supporting Files */ = {
			isa = PBXGroup;
			children = (
				EB9605641A4978A6004766BA /* Info.plist */,
			);
			name = "Supporting Files";
			sourceTree = "<group>";
		};
		EB9605751A497A7A004766BA /* First */ = {
			isa = PBXGroup;
			children = (
				EB96054D1A4978A6004766BA /* FirstViewController.h */,
				EB96054E1A4978A6004766BA /* FirstViewController.m */,
				EB9605711A497966004766BA /* WSYLayoutCell.h */,
				EB9605721A497966004766BA /* WSYLayoutCell.m */,
			);
			name = First;
			sourceTree = "<group>";
		};
		EB9605761A497A82004766BA /* Second */ = {
			isa = PBXGroup;
			children = (
				EB9605501A4978A6004766BA /* SecondViewController.h */,
				EB9605511A4978A6004766BA /* SecondViewController.m */,
				EB96056F1A497966004766BA /* WSYLayoutCell2.h */,
				EB9605701A497966004766BA /* WSYLayoutCell2.m */,
			);
			name = Second;
			sourceTree = "<group>";
		};
/* End PBXGroup section */

/* Begin PBXNativeTarget section */
		EB9605421A4978A6004766BA /* WSY_AutoLayoutCell */ = {
			isa = PBXNativeTarget;
			buildConfigurationList = EB9605691A4978A6004766BA /* Build configuration list for PBXNativeTarget "WSY_AutoLayoutCell" */;
			buildPhases = (
				EB96053F1A4978A6004766BA /* Sources */,
				EB9605401A4978A6004766BA /* Frameworks */,
				EB9605411A4978A6004766BA /* Resources */,
			);
			buildRules = (
			);
			dependencies = (
			);
			name = WSY_AutoLayoutCell;
			productName = WSY_AutoLayoutCell;
			productReference = EB9605431A4978A6004766BA /* WSY_AutoLayoutCell.app */;
			productType = "com.apple.product-type.application";
		};
		EB96055E1A4978A6004766BA /* WSY_AutoLayoutCellTests */ = {
			isa = PBXNativeTarget;
			buildConfigurationList = EB96056C1A4978A6004766BA /* Build configuration list for PBXNativeTarget "WSY_AutoLayoutCellTests" */;
			buildPhases = (
				EB96055B1A4978A6004766BA /* Sources */,
				EB96055C1A4978A6004766BA /* Frameworks */,
				EB96055D1A4978A6004766BA /* Resources */,
			);
			buildRules = (
			);
			dependencies = (
				EB9605611A4978A6004766BA /* PBXTargetDependency */,
			);
			name = WSY_AutoLayoutCellTests;
			productName = WSY_AutoLayoutCellTests;
			productReference = EB96055F1A4978A6004766BA /* WSY_AutoLayoutCellTests.xctest */;
			productType = "com.apple.product-type.bundle.unit-test";
		};
/* End PBXNativeTarget section */

/* Begin PBXProject section */
		EB96053B1A4978A6004766BA /* Project object */ = {
			isa = PBXProject;
			attributes = {
				LastUpgradeCheck = 0610;
				ORGANIZATIONNAME = SCDev;
				TargetAttributes = {
					EB9605421A4978A6004766BA = {
						CreatedOnToolsVersion = 6.1.1;
					};
					EB96055E1A4978A6004766BA = {
						CreatedOnToolsVersion = 6.1.1;
						TestTargetID = EB9605421A4978A6004766BA;
					};
				};
			};
			buildConfigurationList = EB96053E1A4978A6004766BA /* Build configuration list for PBXProject "WSY_AutoLayoutCell" */;
			compatibilityVersion = "Xcode 3.2";
			developmentRegion = English;
			hasScannedForEncodings = 0;
			knownRegions = (
				en,
				Base,
			);
			mainGroup = EB96053A1A4978A6004766BA;
			productRefGroup = EB9605441A4978A6004766BA /* Products */;
			projectDirPath = "";
			projectRoot = "";
			targets = (
				EB9605421A4978A6004766BA /* WSY_AutoLayoutCell */,
				EB96055E1A4978A6004766BA /* WSY_AutoLayoutCellTests */,
			);
		};
/* End PBXProject section */

/* Begin PBXResourcesBuildPhase section */
		EB9605411A4978A6004766BA /* Resources */ = {
			isa = PBXResourcesBuildPhase;
			buildActionMask = 2147483647;
			files = (
				EB9605551A4978A6004766BA /* Main.storyboard in Resources */,
				EB96055A1A4978A6004766BA /* LaunchScreen.xib in Resources */,
				EB9605571A4978A6004766BA /* Images.xcassets in Resources */,
			);
			runOnlyForDeploymentPostprocessing = 0;
		};
		EB96055D1A4978A6004766BA /* Resources */ = {
			isa = PBXResourcesBuildPhase;
			buildActionMask = 2147483647;
			files = (
			);
			runOnlyForDeploymentPostprocessing = 0;
		};
/* End PBXResourcesBuildPhase section */

/* Begin PBXSourcesBuildPhase section */
		EB96053F1A4978A6004766BA /* Sources */ = {
			isa = PBXSourcesBuildPhase;
			buildActionMask = 2147483647;
			files = (
				EB9605521A4978A6004766BA /* SecondViewController.m in Sources */,
				EB96054C1A4978A6004766BA /* AppDelegate.m in Sources */,
				EB96054F1A4978A6004766BA /* FirstViewController.m in Sources */,
				EB9605491A4978A6004766BA /* main.m in Sources */,
				EB9605731A497966004766BA /* WSYLayoutCell2.m in Sources */,
				EB9605741A497966004766BA /* WSYLayoutCell.m in Sources */,
			);
			runOnlyForDeploymentPostprocessing = 0;
		};
		EB96055B1A4978A6004766BA /* Sources */ = {
			isa = PBXSourcesBuildPhase;
			buildActionMask = 2147483647;
			files = (
				EB9605661A4978A6004766BA /* WSY_AutoLayoutCellTests.m in Sources */,
			);
			runOnlyForDeploymentPostprocessing = 0;
		};
/* End PBXSourcesBuildPhase section */

/* Begin PBXTargetDependency section */
		EB9605611A4978A6004766BA /* PBXTargetDependency */ = {
			isa = PBXTargetDependency;
			target = EB9605421A4978A6004766BA /* WSY_AutoLayoutCell */;
			targetProxy = EB9605601A4978A6004766BA /* PBXContainerItemProxy */;
		};
/* End PBXTargetDependency section */

/* Begin PBXVariantGroup section */
		EB9605531A4978A6004766BA /* Main.storyboard */ = {
			isa = PBXVariantGroup;
			children = (
				EB9605541A4978A6004766BA /* Base */,
			);
			name = Main.storyboard;
			sourceTree = "<group>";
		};
		EB9605581A4978A6004766BA /* LaunchScreen.xib */ = {
			isa = PBXVariantGroup;
			children = (
				EB9605591A4978A6004766BA /* Base */,
			);
			name = LaunchScreen.xib;
			sourceTree = "<group>";
		};
/* End PBXVariantGroup section */

/* Begin XCBuildConfiguration section */
		EB9605671A4978A6004766BA /* Debug */ = {
			isa = XCBuildConfiguration;
			buildSettings = {
				ALWAYS_SEARCH_USER_PATHS = NO;
				CLANG_CXX_LANGUAGE_STANDARD = "gnu++0x";
				CLANG_CXX_LIBRARY = "libc++";
				CLANG_ENABLE_MODULES = YES;
				CLANG_ENABLE_OBJC_ARC = YES;
				CLANG_WARN_BOOL_CONVERSION = YES;
				CLANG_WARN_CONSTANT_CONVERSION = YES;
				CLANG_WARN_DIRECT_OBJC_ISA_USAGE = YES_ERROR;
				CLANG_WARN_EMPTY_BODY = YES;
				CLANG_WARN_ENUM_CONVERSION = YES;
				CLANG_WARN_INT_CONVERSION = YES;
				CLANG_WARN_OBJC_ROOT_CLASS = YES_ERROR;
				CLANG_WARN_UNREACHABLE_CODE = YES;
				CLANG_WARN__DUPLICATE_METHOD_MATCH = YES;
				"CODE_SIGN_IDENTITY[sdk=iphoneos*]" = "iPhone Developer";
				COPY_PHASE_STRIP = NO;
				ENABLE_STRICT_OBJC_MSGSEND = YES;
				GCC_C_LANGUAGE_STANDARD = gnu99;
				GCC_DYNAMIC_NO_PIC = NO;
				GCC_OPTIMIZATION_LEVEL = 0;
				GCC_PREPROCESSOR_DEFINITIONS = (
					"DEBUG=1",
					"$(inherited)",
				);
				GCC_SYMBOLS_PRIVATE_EXTERN = NO;
				GCC_WARN_64_TO_32_BIT_CONVERSION = YES;
				GCC_WARN_ABOUT_RETURN_TYPE = YES_ERROR;
				GCC_WARN_UNDECLARED_SELECTOR = YES;
				GCC_WARN_UNINITIALIZED_AUTOS = YES_AGGRESSIVE;
				GCC_WARN_UNUSED_FUNCTION = YES;
				GCC_WARN_UNUSED_VARIABLE = YES;
				IPHONEOS_DEPLOYMENT_TARGET = 8.1;
				MTL_ENABLE_DEBUG_INFO = YES;
				ONLY_ACTIVE_ARCH = YES;
				SDKROOT = iphoneos;
			};
			name = Debug;
		};
		EB9605681A4978A6004766BA /* Release */ = {
			isa = XCBuildConfiguration;
			buildSettings = {
				ALWAYS_SEARCH_USER_PATHS = NO;
				CLANG_CXX_LANGUAGE_STANDARD = "gnu++0x";
				CLANG_CXX_LIBRARY = "libc++";
				CLANG_ENABLE_MODULES = YES;
				CLANG_ENABLE_OBJC_ARC = YES;
				CLANG_WARN_BOOL_CONVERSION = YES;
				CLANG_WARN_CONSTANT_CONVERSION = YES;
				CLANG_WARN_DIRECT_OBJC_ISA_USAGE = YES_ERROR;
				CLANG_WARN_EMPTY_BODY = YES;
				CLANG_WARN_ENUM_CONVERSION = YES;
				CLANG_WARN_INT_CONVERSION = YES;
				CLANG_WARN_OBJC_ROOT_CLASS = YES_ERROR;
				CLANG_WARN_UNREACHABLE_CODE = YES;
				CLANG_WARN__DUPLICATE_METHOD_MATCH = YES;
				"CODE_SIGN_IDENTITY[sdk=iphoneos*]" = "iPhone Developer";
				COPY_PHASE_STRIP = YES;
				ENABLE_NS_ASSERTIONS = NO;
				ENABLE_STRICT_OBJC_MSGSEND = YES;
				GCC_C_LANGUAGE_STANDARD = gnu99;
				GCC_WARN_64_TO_32_BIT_CONVERSION = YES;
				GCC_WARN_ABOUT_RETURN_TYPE = YES_ERROR;
				GCC_WARN_UNDECLARED_SELECTOR = YES;
				GCC_WARN_UNINITIALIZED_AUTOS = YES_AGGRESSIVE;
				GCC_WARN_UNUSED_FUNCTION = YES;
				GCC_WARN_UNUSED_VARIABLE = YES;
				IPHONEOS_DEPLOYMENT_TARGET = 8.1;
				MTL_ENABLE_DEBUG_INFO = NO;
				SDKROOT = iphoneos;
				VALIDATE_PRODUCT = YES;
			};
			name = Release;
		};
		EB96056A1A4978A6004766BA /* Debug */ = {
			isa = XCBuildConfiguration;
			buildSettings = {
				ASSETCATALOG_COMPILER_APPICON_NAME = AppIcon;
				INFOPLIST_FILE = WSY_AutoLayoutCell/Info.plist;
				IPHONEOS_DEPLOYMENT_TARGET = 7.0;
				LD_RUNPATH_SEARCH_PATHS = "$(inherited) @executable_path/Frameworks";
				PRODUCT_NAME = "$(TARGET_NAME)";
			};
			name = Debug;
		};
		EB96056B1A4978A6004766BA /* Release */ = {
			isa = XCBuildConfiguration;
			buildSettings = {
				ASSETCATALOG_COMPILER_APPICON_NAME = AppIcon;
				INFOPLIST_FILE = WSY_AutoLayoutCell/Info.plist;
				IPHONEOS_DEPLOYMENT_TARGET = 7.0;
				LD_RUNPATH_SEARCH_PATHS = "$(inherited) @executable_path/Frameworks";
				PRODUCT_NAME = "$(TARGET_NAME)";
			};
			name = Release;
		};
		EB96056D1A4978A6004766BA /* Debug */ = {
			isa = XCBuildConfiguration;
			buildSettings = {
				BUNDLE_LOADER = "$(TEST_HOST)";
				FRAMEWORK_SEARCH_PATHS = (
					"$(SDKROOT)/Developer/Library/Frameworks",
					"$(inherited)",
				);
				GCC_PREPROCESSOR_DEFINITIONS = (
					"DEBUG=1",
					"$(inherited)",
				);
				INFOPLIST_FILE = WSY_AutoLayoutCellTests/Info.plist;
				LD_RUNPATH_SEARCH_PATHS = "$(inherited) @executable_path/Frameworks @loader_path/Frameworks";
				PRODUCT_NAME = "$(TARGET_NAME)";
				TEST_HOST = "$(BUILT_PRODUCTS_DIR)/WSY_AutoLayoutCell.app/WSY_AutoLayoutCell";
			};
			name = Debug;
		};
		EB96056E1A4978A6004766BA /* Release */ = {
			isa = XCBuildConfiguration;
			buildSettings = {
				BUNDLE_LOADER = "$(TEST_HOST)";
				FRAMEWORK_SEARCH_PATHS = (
					"$(SDKROOT)/Developer/Library/Frameworks",
					"$(inherited)",
				);
				INFOPLIST_FILE = WSY_AutoLayoutCellTests/Info.plist;
				LD_RUNPATH_SEARCH_PATHS = "$(inherited) @executable_path/Frameworks @loader_path/Frameworks";
				PRODUCT_NAME = "$(TARGET_NAME)";
				TEST_HOST = "$(BUILT_PRODUCTS_DIR)/WSY_AutoLayoutCell.app/WSY_AutoLayoutCell";
			};
			name = Release;
		};
/* End XCBuildConfiguration section */

/* Begin XCConfigurationList section */
		EB96053E1A4978A6004766BA /* Build configuration list for PBXProject "WSY_AutoLayoutCell" */ = {
			isa = XCConfigurationList;
			buildConfigurations = (
				EB9605671A4978A6004766BA /* Debug */,
				EB9605681A4978A6004766BA /* Release */,
			);
			defaultConfigurationIsVisible = 0;
			defaultConfigurationName = Release;
		};
		EB9605691A4978A6004766BA /* Build configuration list for PBXNativeTarget "WSY_AutoLayoutCell" */ = {
			isa = XCConfigurationList;
			buildConfigurations = (
				EB96056A1A4978A6004766BA /* Debug */,
				EB96056B1A4978A6004766BA /* Release */,
			);
			defaultConfigurationIsVisible = 0;
		};
		EB96056C1A4978A6004766BA /* Build configuration list for PBXNativeTarget "WSY_AutoLayoutCellTests" */ = {
			isa = XCConfigurationList;
			buildConfigurations = (
				EB96056D1A4978A6004766BA /* Debug */,
				EB96056E1A4978A6004766BA /* Release */,
			);
			defaultConfigurationIsVisible = 0;
		};
/* End XCConfigurationList section */
	};
	rootObject = EB96053B1A4978A6004766BA /* Project object */;
}
